<?xml version="1.0" encoding="utf-8"?>
<Project ToolsVersion="4.0" xmlns="http://schemas.microsoft.com/developer/msbuild/2003">
  <ItemGroup>
    <Filter Include="Source Files">
      <UniqueIdentifier>{4FC737F1-C7A5-4376-A066-2A32D752A2FF}</UniqueIdentifier>
      <Extensions>cpp;c;cc;cxx;def;odl;idl;hpj;bat;asm;asmx</Extensions>
    </Filter>
    <Filter Include="Header Files">
      <UniqueIdentifier>{93995380-89BD-4b04-88EB-625FBE52EBFB}</UniqueIdentifier>
      <Extensions>h;hh;hpp;hxx;hm;inl;inc;ipp;xsd</Extensions>
    </Filter>
    <Filter Include="Resource Files">
      <UniqueIdentifier>{67DA6AB6-F800-4c08-8B7A-83BB121AAD01}</UniqueIdentifier>
      <Extensions>rc;ico;cur;bmp;dlg;rc2;rct;bin;rgs;gif;jpg;jpeg;jpe;resx;tiff;tif;png;wav;mfcribbon-ms</Extensions>
    </Filter>
    <Filter Include="Input Files">
      <UniqueIdentifier>{184cc8bf-03e4-4fcc-84ae-9207dbfe3af5}</UniqueIdentifier>
    </Filter>
    <Filter Include="config4cpp">
      <UniqueIdentifier>{c989b9e5-735b-4936-9902-d48c50a5ec92}</UniqueIdentifier>
    </Filter>
    <Filter Include="config4cpp\include">
      <UniqueIdentifier>{0713fdab-5c7f-4461-a6aa-675dd6633a8c}</UniqueIdentifier>
    </Filter>
    <Filter Include="config4cpp\lib">
      <UniqueIdentifier>{02c6a54c-66cf-4e63-a7c6-7ef5628c47cd}</UniqueIdentifier>
    </Filter>
  </ItemGroup>
  <ItemGroup>
    <ClCompile Include="RunNFDRS.cpp">
      <Filter>Source Files</Filter>
    </ClCompile>
    <ClCompile Include="CNFDRSParams.cpp">
      <Filter>Source Files</Filter>
    </ClCompile>
    <ClCompile Include="RunNFDRSConfiguration.cpp">
      <Filter>Source Files</Filter>
    </ClCompile>
    <ClCompile Include="NFDRSConfiguration.cpp">
      <Filter>Source Files</Filter>
    </ClCompile>
    <ClCompile Include="NFDRSInitConfig.cpp">
      <Filter>Source Files</Filter>
    </ClCompile>
    <ClCompile Include="CFW21Data.cpp">
      <Filter>Source Files</Filter>
    </ClCompile>
    <ClCompile Include="csv_readrow.cpp">
      <Filter>Source Files</Filter>
    </ClCompile>
    <ClCompile Include="RunNFDRSConfig.cpp">
      <Filter>Source Files</Filter>
    </ClCompile>
  </ItemGroup>
  <ItemGroup>
    <ClInclude Include="CNFDRSParams.h">
      <Filter>Header Files</Filter>
    </ClInclude>
    <ClInclude Include="config4cpp\include\config4cpp\Configuration.h">
      <Filter>config4cpp\include</Filter>
    </ClInclude>
    <ClInclude Include="config4cpp\include\config4cpp\ConfigurationException.h">
      <Filter>config4cpp\include</Filter>
    </ClInclude>
    <ClInclude Include="config4cpp\include\config4cpp\namespace.h">
      <Filter>config4cpp\include</Filter>
    </ClInclude>
    <ClInclude Include="config4cpp\include\config4cpp\SchemaType.h">
      <Filter>config4cpp\include</Filter>
    </ClInclude>
    <ClInclude Include="config4cpp\include\config4cpp\SchemaValidator.h">
      <Filter>config4cpp\include</Filter>
    </ClInclude>
    <ClInclude Include="config4cpp\include\config4cpp\StringBuffer.h">
      <Filter>config4cpp\include</Filter>
    </ClInclude>
    <ClInclude Include="config4cpp\include\config4cpp\StringVector.h">
      <Filter>config4cpp\include</Filter>
    </ClInclude>
    <ClInclude Include="RunNFDRSConfiguration.h">
      <Filter>Header Files</Filter>
    </ClInclude>
    <ClInclude Include="NFDRSConfiguration.h">
      <Filter>Header Files</Filter>
    </ClInclude>
    <ClInclude Include="NFDRSInitConfig.h">
      <Filter>Header Files</Filter>
    </ClInclude>
    <ClInclude Include="CFW21Data.h">
      <Filter>Header Files</Filter>
    </ClInclude>
    <ClInclude Include="csv_readrow.h">
      <Filter>Header Files</Filter>
    </ClInclude>
    <ClInclude Include="RunNFDRSConfig.h">
      <Filter>Header Files</Filter>
    </ClInclude>
  </ItemGroup>
  <ItemGroup>
    <Library Include="config4cpp\lib\config4cpp.lib">
      <Filter>config4cpp\lib</Filter>
    </Library>
  </ItemGroup>
  <ItemGroup>
    <Text Include="config4cpp\configFiles\NFDRSInitSample.txt">
      <Filter>Input Files</Filter>
    </Text>
    <Text Include="config4cpp\configFiles\RunNFDRSSample.txt">
      <Filter>Input Files</Filter>
    </Text>
  </ItemGroup>
</Project>