<?xml version="1.0" encoding="utf-8"?>
<Project ToolsVersion="4.0" xmlns="http://schemas.microsoft.com/developer/msbuild/2003">
  <ItemGroup>
    <Filter Include="Source Files">
      <UniqueIdentifier>{4FC737F1-C7A5-4376-A066-2A32D752A2FF}</UniqueIdentifier>
      <Extensions>cpp;c;cc;cxx;c++;cppm;ixx;def;odl;idl;hpj;bat;asm;asmx</Extensions>
    </Filter>
    <Filter Include="Header Files">
      <UniqueIdentifier>{93995380-89BD-4b04-88EB-625FBE52EBFB}</UniqueIdentifier>
      <Extensions>h;hh;hpp;hxx;h++;hm;inl;inc;ipp;xsd</Extensions>
    </Filter>
    <Filter Include="Resource Files">
      <UniqueIdentifier>{67DA6AB6-F800-4c08-8B7A-83BB121AAD01}</UniqueIdentifier>
      <Extensions>rc;ico;cur;bmp;dlg;rc2;rct;bin;rgs;gif;jpg;jpeg;jpe;resx;tiff;tif;png;wav;mfcribbon-ms</Extensions>
    </Filter>
  </ItemGroup>
  <ItemGroup>
    <ClInclude Include="deadfuelmoisture.h">
      <Filter>Header Files</Filter>
    </ClInclude>
    <ClInclude Include="dfmcalcstate.h">
      <Filter>Header Files</Filter>
    </ClInclude>
    <ClInclude Include="lfmcalcstate.h">
      <Filter>Header Files</Filter>
    </ClInclude>
    <ClInclude Include="livefuelmoisture.h">
      <Filter>Header Files</Filter>
    </ClInclude>
    <ClInclude Include="nfdrs4.h">
      <Filter>Header Files</Filter>
    </ClInclude>
    <ClInclude Include="nfdrs4calcstate.h">
      <Filter>Header Files</Filter>
    </ClInclude>
    <ClInclude Include="nfdrs4statesizes.h">
      <Filter>Header Files</Filter>
    </ClInclude>
    <ClInclude Include="time64.h">
      <Filter>Header Files</Filter>
    </ClInclude>
    <ClInclude Include="time64_config.h">
      <Filter>Header Files</Filter>
    </ClInclude>
    <ClInclude Include="time64_limits.h">
      <Filter>Header Files</Filter>
    </ClInclude>
    <ClInclude Include="utctime.h">
      <Filter>Header Files</Filter>
    </ClInclude>
  </ItemGroup>
  <ItemGroup>
    <ClCompile Include="deadfuelmoisture.cpp">
      <Filter>Source Files</Filter>
    </ClCompile>
    <ClCompile Include="dfmcalcstate.cpp">
      <Filter>Source Files</Filter>
    </ClCompile>
    <ClCompile Include="lfmcalcstate.cpp">
      <Filter>Source Files</Filter>
    </ClCompile>
    <ClCompile Include="livefuelmoisture.cpp">
      <Filter>Source Files</Filter>
    </ClCompile>
    <ClCompile Include="nfdrs4.cpp">
      <Filter>Source Files</Filter>
    </ClCompile>
    <ClCompile Include="nfdrs4calcstate.cpp">
      <Filter>Source Files</Filter>
    </ClCompile>
    <ClCompile Include="time64.c">
      <Filter>Source Files</Filter>
    </ClCompile>
    <ClCompile Include="utctime.cpp">
      <Filter>Source Files</Filter>
    </ClCompile>
  </ItemGroup>
</Project>